
Microsoft Visual Studio Solution File, Format Version 12.00
# Visual Studio Version 17
VisualStudioVersion = 17.6.33617.297
MinimumVisualStudioVersion = 10.0.40219.1
Project("{FAE04EC0-301F-11D3-BF4B-00C04F79EFBC}") = "dogDoor", "dogDoor\dogDoor.csproj", "{DD3D977F-95E6-4A61-9B6A-11DF7A078174}"
EndProject
Global
	GlobalSection(SolutionConfigurationPlatforms) = preSolution
		Debug|Any CPU = Debug|Any CPU
		Release|Any CPU = Release|Any CPU
	EndGlobalSection
	GlobalSection(ProjectConfigurationPlatforms) = postSolution
		{DD3D977F-95E6-4A61-9B6A-11DF7A078174}.Debug|Any CPU.ActiveCfg = Debug|Any CPU
		{DD3D977F-95E6-4A61-9B6A-11DF7A078174}.Debug|Any CPU.Build.0 = Debug|Any CPU
		{DD3D977F-95E6-4A61-9B6A-11DF7A078174}.Release|Any CPU.ActiveCfg = Release|Any CPU
		{DD3D977F-95E6-4A61-9B6A-11DF7A078174}.Release|Any CPU.Build.0 = Release|Any CPU
	EndGlobalSection
	GlobalSection(SolutionProperties) = preSolution
		HideSolutionNode = FALSE
	EndGlobalSection
	GlobalSection(ExtensibilityGlobals) = postSolution
		SolutionGuid = {34DC848B-AFE5-4EA8-B6AD-A2F63F2EC8BA}
	EndGlobalSection
EndGlobal
